
Microsoft Visual Studio Solution File, Format Version 12.00
# Visual Studio 15
VisualStudioVersion = 15.0.27004.2009
MinimumVisualStudioVersion = 10.0.40219.1
Project("{FAE04EC0-301F-11D3-BF4B-00C04F79EFBC}") = "Zeo VR", "Zeo VR\Zeo VR.csproj", "{BFD342AF-99EC-49E7-9EBA-CCC9C3A357CE}"
EndProject
Project("{FAE04EC0-301F-11D3-BF4B-00C04F79EFBC}") = "Zeo VR Server Reset", "Zeo VR Server Reset\Zeo VR Server Reset.csproj", "{DAC34A39-BA8D-435F-8E85-83796C6A7384}"
EndProject
Project("{FAE04EC0-301F-11D3-BF4B-00C04F79EFBC}") = "Zeo VR Connect", "Zeo VR Connect\Zeo VR Connect.csproj", "{6384BD92-C370-4B63-B957-B69FAD4C4F4D}"
EndProject
Global
	GlobalSection(SolutionConfigurationPlatforms) = preSolution
		Debug|Any CPU = Debug|Any CPU
		Release|Any CPU = Release|Any CPU
	EndGlobalSection
	GlobalSection(ProjectConfigurationPlatforms) = postSolution
		{BFD342AF-99EC-49E7-9EBA-CCC9C3A357CE}.Debug|Any CPU.ActiveCfg = Debug|Any CPU
		{BFD342AF-99EC-49E7-9EBA-CCC9C3A357CE}.Debug|Any CPU.Build.0 = Debug|Any CPU
		{BFD342AF-99EC-49E7-9EBA-CCC9C3A357CE}.Release|Any CPU.ActiveCfg = Release|Any CPU
		{BFD342AF-99EC-49E7-9EBA-CCC9C3A357CE}.Release|Any CPU.Build.0 = Release|Any CPU
		{DAC34A39-BA8D-435F-8E85-83796C6A7384}.Debug|Any CPU.ActiveCfg = Debug|Any CPU
		{DAC34A39-BA8D-435F-8E85-83796C6A7384}.Debug|Any CPU.Build.0 = Debug|Any CPU
		{DAC34A39-BA8D-435F-8E85-83796C6A7384}.Release|Any CPU.ActiveCfg = Release|Any CPU
		{DAC34A39-BA8D-435F-8E85-83796C6A7384}.Release|Any CPU.Build.0 = Release|Any CPU
		{6384BD92-C370-4B63-B957-B69FAD4C4F4D}.Debug|Any CPU.ActiveCfg = Debug|Any CPU
		{6384BD92-C370-4B63-B957-B69FAD4C4F4D}.Debug|Any CPU.Build.0 = Debug|Any CPU
		{6384BD92-C370-4B63-B957-B69FAD4C4F4D}.Release|Any CPU.ActiveCfg = Release|Any CPU
		{6384BD92-C370-4B63-B957-B69FAD4C4F4D}.Release|Any CPU.Build.0 = Release|Any CPU
	EndGlobalSection
	GlobalSection(SolutionProperties) = preSolution
		HideSolutionNode = FALSE
	EndGlobalSection
	GlobalSection(ExtensibilityGlobals) = postSolution
		SolutionGuid = {389E4549-A332-4063-9071-6FF52A29D559}
	EndGlobalSection
EndGlobal
