{
  "name": "heightfield",
  "version": "0.0.1",
  "lockfileVersion": 1,
  "requires": true,
  "dependencies": {
    "mrch": {
      "version": "0.0.1",
      "resolved": "https://registry.npmjs.org/mrch/-/mrch-0.0.1.tgz",
      "integrity": "sha512-BjZARlOIK3Fm9YVA6mvlLAsVYMYe7nI3dYggT+/klvPnou5fqKD+nMNHI5WksUAl+WL3y9f9T86mRX4dCArJHQ=="
    }
  }
}
